
Microsoft Visual Studio Solution File, Format Version 12.00
# Visual Studio Version 16
VisualStudioVersion = 16.0.29020.237
MinimumVisualStudioVersion = 10.0.40219.1
Project("{9A19103F-16F7-4668-BE54-9A1E7A4F7556}") = "Client1", "Client1\Client1.csproj", "{A79A3DCE-0F00-4725-8BA2-6AB6BEA25ED5}"
EndProject
Project("{9A19103F-16F7-4668-BE54-9A1E7A4F7556}") = "CSharpJWT", "CSharpJWT\CSharpJWT.csproj", "{75D5F250-0ABF-4211-BADE-26AA3C57460C}"
EndProject
Project("{9A19103F-16F7-4668-BE54-9A1E7A4F7556}") = "OAuthServer", "OAuthServer\OAuthServer.csproj", "{B4363946-0EE0-40F0-92E1-80860A3B9183}"
EndProject
Project("{2150E333-8FDC-42A3-9474-1A3956D46DE8}") = "Solution Items", "Solution Items", "{25D9B176-14BA-4902-949F-EDC94A144EE6}"
	ProjectSection(SolutionItems) = preProject
		deployment.yaml = deployment.yaml
		docker-compose.override.yml = docker-compose.override.yml
		docker-compose.yml = docker-compose.yml
	EndProjectSection
EndProject
Global
	GlobalSection(SolutionConfigurationPlatforms) = preSolution
		Debug|Any CPU = Debug|Any CPU
		Release|Any CPU = Release|Any CPU
	EndGlobalSection
	GlobalSection(ProjectConfigurationPlatforms) = postSolution
		{A79A3DCE-0F00-4725-8BA2-6AB6BEA25ED5}.Debug|Any CPU.ActiveCfg = Debug|Any CPU
		{A79A3DCE-0F00-4725-8BA2-6AB6BEA25ED5}.Debug|Any CPU.Build.0 = Debug|Any CPU
		{A79A3DCE-0F00-4725-8BA2-6AB6BEA25ED5}.Release|Any CPU.ActiveCfg = Release|Any CPU
		{A79A3DCE-0F00-4725-8BA2-6AB6BEA25ED5}.Release|Any CPU.Build.0 = Release|Any CPU
		{75D5F250-0ABF-4211-BADE-26AA3C57460C}.Debug|Any CPU.ActiveCfg = Debug|Any CPU
		{75D5F250-0ABF-4211-BADE-26AA3C57460C}.Debug|Any CPU.Build.0 = Debug|Any CPU
		{75D5F250-0ABF-4211-BADE-26AA3C57460C}.Release|Any CPU.ActiveCfg = Release|Any CPU
		{75D5F250-0ABF-4211-BADE-26AA3C57460C}.Release|Any CPU.Build.0 = Release|Any CPU
		{B4363946-0EE0-40F0-92E1-80860A3B9183}.Debug|Any CPU.ActiveCfg = Debug|Any CPU
		{B4363946-0EE0-40F0-92E1-80860A3B9183}.Debug|Any CPU.Build.0 = Debug|Any CPU
		{B4363946-0EE0-40F0-92E1-80860A3B9183}.Release|Any CPU.ActiveCfg = Release|Any CPU
		{B4363946-0EE0-40F0-92E1-80860A3B9183}.Release|Any CPU.Build.0 = Release|Any CPU
	EndGlobalSection
	GlobalSection(SolutionProperties) = preSolution
		HideSolutionNode = FALSE
	EndGlobalSection
	GlobalSection(ExtensibilityGlobals) = postSolution
		SolutionGuid = {8D508164-9F49-4397-BDEF-18B6CF8402B1}
	EndGlobalSection
EndGlobal
