
Microsoft Visual Studio Solution File, Format Version 12.00
# Visual Studio Version 16
VisualStudioVersion = 16.0.29020.237
MinimumVisualStudioVersion = 10.0.40219.1
Project("{FAE04EC0-301F-11D3-BF4B-00C04F79EFBC}") = "CSharpJWT", "CSharpJWT\CSharpJWT.csproj", "{B24FCB9A-2237-4DDE-891D-B7635D464091}"
EndProject
Project("{FAE04EC0-301F-11D3-BF4B-00C04F79EFBC}") = "OAuthServer", "OAuthServer\OAuthServer.csproj", "{042CDB93-3450-4C1A-A8C4-CB9044F21646}"
EndProject
Global
	GlobalSection(SolutionConfigurationPlatforms) = preSolution
		Debug|Any CPU = Debug|Any CPU
		Release|Any CPU = Release|Any CPU
	EndGlobalSection
	GlobalSection(ProjectConfigurationPlatforms) = postSolution
		{B24FCB9A-2237-4DDE-891D-B7635D464091}.Debug|Any CPU.ActiveCfg = Debug|Any CPU
		{B24FCB9A-2237-4DDE-891D-B7635D464091}.Debug|Any CPU.Build.0 = Debug|Any CPU
		{B24FCB9A-2237-4DDE-891D-B7635D464091}.Release|Any CPU.ActiveCfg = Release|Any CPU
		{B24FCB9A-2237-4DDE-891D-B7635D464091}.Release|Any CPU.Build.0 = Release|Any CPU
		{042CDB93-3450-4C1A-A8C4-CB9044F21646}.Debug|Any CPU.ActiveCfg = Debug|Any CPU
		{042CDB93-3450-4C1A-A8C4-CB9044F21646}.Debug|Any CPU.Build.0 = Debug|Any CPU
		{042CDB93-3450-4C1A-A8C4-CB9044F21646}.Release|Any CPU.ActiveCfg = Release|Any CPU
		{042CDB93-3450-4C1A-A8C4-CB9044F21646}.Release|Any CPU.Build.0 = Release|Any CPU
	EndGlobalSection
	GlobalSection(SolutionProperties) = preSolution
		HideSolutionNode = FALSE
	EndGlobalSection
	GlobalSection(ExtensibilityGlobals) = postSolution
		SolutionGuid = {8D508164-9F49-4397-BDEF-18B6CF8402B1}
	EndGlobalSection
EndGlobal
